
Microsoft Visual Studio Solution File, Format Version 12.00
# Visual Studio Version 17
VisualStudioVersion = 17.4.33110.190
MinimumVisualStudioVersion = 10.0.40219.1
Project("{9A19103F-16F7-4668-BE54-9A1E7A4F7556}") = "Microsoft.Azure.SqlDatabase.ElasticScale.Client", "Src\ElasticScale.Client\Microsoft.Azure.SqlDatabase.ElasticScale.Client.csproj", "{4C3B3EC4-5702-469E-800E-313FB27A0A2B}"
EndProject
Global
	GlobalSection(SolutionConfigurationPlatforms) = preSolution
		Cover|Any CPU = Cover|Any CPU
		Cover|x86 = Cover|x86
		Debug|Any CPU = Debug|Any CPU
		Debug|x86 = Debug|x86
		Release|Any CPU = Release|Any CPU
		Release|x86 = Release|x86
	EndGlobalSection
	GlobalSection(ProjectConfigurationPlatforms) = postSolution
		{4C3B3EC4-5702-469E-800E-313FB27A0A2B}.Cover|Any CPU.ActiveCfg = Debug|Any CPU
		{4C3B3EC4-5702-469E-800E-313FB27A0A2B}.Cover|Any CPU.Build.0 = Debug|Any CPU
		{4C3B3EC4-5702-469E-800E-313FB27A0A2B}.Cover|x86.ActiveCfg = Release|Any CPU
		{4C3B3EC4-5702-469E-800E-313FB27A0A2B}.Cover|x86.Build.0 = Release|Any CPU
		{4C3B3EC4-5702-469E-800E-313FB27A0A2B}.Debug|Any CPU.ActiveCfg = Debug|Any CPU
		{4C3B3EC4-5702-469E-800E-313FB27A0A2B}.Debug|Any CPU.Build.0 = Debug|Any CPU
		{4C3B3EC4-5702-469E-800E-313FB27A0A2B}.Debug|x86.ActiveCfg = Debug|Any CPU
		{4C3B3EC4-5702-469E-800E-313FB27A0A2B}.Debug|x86.Build.0 = Debug|Any CPU
		{4C3B3EC4-5702-469E-800E-313FB27A0A2B}.Release|Any CPU.ActiveCfg = Release|Any CPU
		{4C3B3EC4-5702-469E-800E-313FB27A0A2B}.Release|Any CPU.Build.0 = Release|Any CPU
		{4C3B3EC4-5702-469E-800E-313FB27A0A2B}.Release|x86.ActiveCfg = Release|Any CPU
		{4C3B3EC4-5702-469E-800E-313FB27A0A2B}.Release|x86.Build.0 = Release|Any CPU
	EndGlobalSection
	GlobalSection(SolutionProperties) = preSolution
		HideSolutionNode = FALSE
	EndGlobalSection
	GlobalSection(ExtensibilityGlobals) = postSolution
		SolutionGuid = {24237160-521B-4CD0-87AB-8994A5E50BE2}
	EndGlobalSection
EndGlobal
